
Microsoft Visual Studio Solution File, Format Version 12.00
# Visual Studio Version 16
VisualStudioVersion = 16.0.30804.86
MinimumVisualStudioVersion = 10.0.40219.1
Project("{FAE04EC0-301F-11D3-BF4B-00C04F79EFBC}") = "eval03", "eval03.csproj", "{B735C130-DDE9-4E52-A0AD-E36C8A132F6C}"
EndProject
Global
	GlobalSection(SolutionConfigurationPlatforms) = preSolution
		Debug|Any CPU = Debug|Any CPU
		Release|Any CPU = Release|Any CPU
	EndGlobalSection
	GlobalSection(ProjectConfigurationPlatforms) = postSolution
		{B735C130-DDE9-4E52-A0AD-E36C8A132F6C}.Debug|Any CPU.ActiveCfg = Debug|Any CPU
		{B735C130-DDE9-4E52-A0AD-E36C8A132F6C}.Debug|Any CPU.Build.0 = Debug|Any CPU
		{B735C130-DDE9-4E52-A0AD-E36C8A132F6C}.Release|Any CPU.ActiveCfg = Release|Any CPU
		{B735C130-DDE9-4E52-A0AD-E36C8A132F6C}.Release|Any CPU.Build.0 = Release|Any CPU
	EndGlobalSection
	GlobalSection(SolutionProperties) = preSolution
		HideSolutionNode = FALSE
	EndGlobalSection
	GlobalSection(ExtensibilityGlobals) = postSolution
		SolutionGuid = {5F520203-BD99-4F5E-9CCE-1E76B00BBAA1}
	EndGlobalSection
EndGlobal
